
Microsoft Visual Studio Solution File, Format Version 12.00
# Visual Studio 2013
VisualStudioVersion = 12.0.40629.0
MinimumVisualStudioVersion = 10.0.40219.1
Project("{FAE04EC0-301F-11D3-BF4B-00C04F79EFBC}") = "MVCTestAPP", "MVCTestAPP\MVCTestAPP.csproj", "{C2CD702A-4973-42F3-937C-94A1D4A3BE51}"
EndProject
Project("{FAE04EC0-301F-11D3-BF4B-00C04F79EFBC}") = "WebApplication2", "WebApplication2\WebApplication2.csproj", "{1EE886DA-D02A-4F66-9842-FDB8B9768943}"
EndProject
Global
	GlobalSection(SolutionConfigurationPlatforms) = preSolution
		Debug|Any CPU = Debug|Any CPU
		Release|Any CPU = Release|Any CPU
	EndGlobalSection
	GlobalSection(ProjectConfigurationPlatforms) = postSolution
		{C2CD702A-4973-42F3-937C-94A1D4A3BE51}.Debug|Any CPU.ActiveCfg = Debug|Any CPU
		{C2CD702A-4973-42F3-937C-94A1D4A3BE51}.Debug|Any CPU.Build.0 = Debug|Any CPU
		{C2CD702A-4973-42F3-937C-94A1D4A3BE51}.Release|Any CPU.ActiveCfg = Release|Any CPU
		{C2CD702A-4973-42F3-937C-94A1D4A3BE51}.Release|Any CPU.Build.0 = Release|Any CPU
		{1EE886DA-D02A-4F66-9842-FDB8B9768943}.Debug|Any CPU.ActiveCfg = Debug|Any CPU
		{1EE886DA-D02A-4F66-9842-FDB8B9768943}.Debug|Any CPU.Build.0 = Debug|Any CPU
		{1EE886DA-D02A-4F66-9842-FDB8B9768943}.Release|Any CPU.ActiveCfg = Release|Any CPU
		{1EE886DA-D02A-4F66-9842-FDB8B9768943}.Release|Any CPU.Build.0 = Release|Any CPU
	EndGlobalSection
	GlobalSection(SolutionProperties) = preSolution
		HideSolutionNode = FALSE
	EndGlobalSection
EndGlobal
