
Microsoft Visual Studio Solution File, Format Version 12.00
# Visual Studio 14
VisualStudioVersion = 14.0.24720.0
MinimumVisualStudioVersion = 10.0.40219.1
Project("{FAE04EC0-301F-11D3-BF4B-00C04F79EFBC}") = "TAL.QuoteAndApply.SalesPortal.Web", "TAL.QuoteAndApply.SalesPortal.Web\TAL.QuoteAndApply.SalesPortal.Web.csproj", "{7997EC66-8713-491F-85B9-EF75C4CB7C9A}"
EndProject
Project("{FAE04EC0-301F-11D3-BF4B-00C04F79EFBC}") = "TAL.QuoteAndApply.DbUp", "TAL.QuoteAndApply.DbUp\TAL.QuoteAndApply.DbUp.csproj", "{1DC5B93C-E78D-4BA5-9797-1F0416058E25}"
EndProject
Project("{2150E333-8FDC-42A3-9474-1A3956D46DE8}") = "Database", "Database", "{811CB824-116B-42E9-B560-B631AD7A8342}"
EndProject
Project("{2150E333-8FDC-42A3-9474-1A3956D46DE8}") = "Build", "Build", "{C1098173-C91F-4DC7-8E6D-76EF966E6420}"
	ProjectSection(SolutionItems) = preProject
		Build\build.ps1 = Build\build.ps1
		Build\configure_local_iis.ps1 = Build\configure_local_iis.ps1
		ReadMe.md = ReadMe.md
		Build\restore.sql = Build\restore.sql
	EndProjectSection
EndProject
Project("{FAE04EC0-301F-11D3-BF4B-00C04F79EFBC}") = "TAL.QuoteAndApply.Infrastructure", "TAL.QuoteAndApply.Infrastructure\TAL.QuoteAndApply.Infrastructure.csproj", "{AF6718F8-8028-462F-BA2C-9EE5937C49B8}"
EndProject
Project("{FAE04EC0-301F-11D3-BF4B-00C04F79EFBC}") = "TAL.QuoteAndApply.ServiceLayer", "TAL.QuoteAndApply.ServiceLayer\TAL.QuoteAndApply.ServiceLayer.csproj", "{77AAE6BA-5225-41D6-8FAC-48DBAD9122E3}"
EndProject
Project("{2150E333-8FDC-42A3-9474-1A3956D46DE8}") = "Tests", "Tests", "{E34810E3-41F5-4772-8503-1DCD928E79CC}"
EndProject
Project("{2150E333-8FDC-42A3-9474-1A3956D46DE8}") = "UnitTests", "UnitTests", "{6BEF2D42-2A7D-4D81-81C1-77B3A2FF5204}"
EndProject
Project("{FAE04EC0-301F-11D3-BF4B-00C04F79EFBC}") = "TAL.QuoteAndApply.SalesPortal.Web.UnitTests", "TAL.QuoteAndApply.SalesPortal.Web.UnitTests\TAL.QuoteAndApply.SalesPortal.Web.UnitTests.csproj", "{F9C112AA-688F-4A9F-BA59-AF4FB3429047}"
EndProject
Project("{FAE04EC0-301F-11D3-BF4B-00C04F79EFBC}") = "TAL.QuoteAndApply.Tests.Shared", "TAL.QuoteAndApply.Tests.Shared\TAL.QuoteAndApply.Tests.Shared.csproj", "{A7064FCA-D786-41BA-92A3-26A8189AC58B}"
EndProject
Project("{2150E333-8FDC-42A3-9474-1A3956D46DE8}") = "IntegrationTests", "IntegrationTests", "{37CF85A2-8CE3-4C5A-851E-DE10F6CC25E8}"
EndProject
Project("{FAE04EC0-301F-11D3-BF4B-00C04F79EFBC}") = "TAL.QuoteAndApply.SalesPortal.Web.IntegrationTests", "TAL.QuoteAndApply.SalesPortal.Web.IntegrationTests\TAL.QuoteAndApply.SalesPortal.Web.IntegrationTests.csproj", "{536E3722-667E-40F0-BF75-D4C15EBFFB7F}"
EndProject
Project("{2150E333-8FDC-42A3-9474-1A3956D46DE8}") = "Modules", "Modules", "{C95CDB33-A218-4304-9210-C31AB13AD26D}"
EndProject
Project("{FAE04EC0-301F-11D3-BF4B-00C04F79EFBC}") = "TAL.QuoteAndApply.Search", "TAL.QuoteAndApply.Search\TAL.QuoteAndApply.Search.csproj", "{74E7C28C-E8C3-446B-954F-16DB50B29515}"
EndProject
Project("{2150E333-8FDC-42A3-9474-1A3956D46DE8}") = "AutomationTests", "AutomationTests", "{6126ACBF-C86A-488E-A1C9-1C7CEFB4E768}"
EndProject
Project("{FAE04EC0-301F-11D3-BF4B-00C04F79EFBC}") = "TAL.QuoteAndApply.Underwriting", "TAL.QuoteAndApply.Underwriting\TAL.QuoteAndApply.Underwriting.csproj", "{ADF5811C-D427-47F5-BD51-6750AB90E271}"
EndProject
Project("{FAE04EC0-301F-11D3-BF4B-00C04F79EFBC}") = "TAL.QAP.Automation.SalesPortal", "TAL.QAP.Automation.SalesPortal\TAL.QAP.Automation.SalesPortal.csproj", "{450C0AE6-4ACD-42D3-BB70-F8D423F40724}"
EndProject
Project("{FAE04EC0-301F-11D3-BF4B-00C04F79EFBC}") = "TAL.QuoteAndApply.Product", "TAL.QuoteAndApply.Product\TAL.QuoteAndApply.Product.csproj", "{E24B866B-076C-491A-8074-FFB0432B6B40}"
EndProject
Project("{FAE04EC0-301F-11D3-BF4B-00C04F79EFBC}") = "TAL.QuoteAndApply.Product.UnitTests", "TAL.QuoteAndApply.Product.UnitTests\TAL.QuoteAndApply.Product.UnitTests.csproj", "{18792F75-909E-4BC2-94A2-B5287069B7DF}"
EndProject
Project("{FAE04EC0-301F-11D3-BF4B-00C04F79EFBC}") = "TAL.QuoteAndApply.Search.IntegrationTests", "TAL.QuoteAndApply.Search.IntegrationTests\TAL.QuoteAndApply.Search.IntegrationTests.csproj", "{FAAFB057-0519-4AAC-B819-A7B4BBDCC27D}"
EndProject
Project("{FAE04EC0-301F-11D3-BF4B-00C04F79EFBC}") = "TAL.QuoteAndApply.Policy", "TAL.QuoteAndApply.Policy\TAL.QuoteAndApply.Policy.csproj", "{8CF41745-32AF-4DA6-BD30-FE7DD7D53A43}"
EndProject
Project("{FAE04EC0-301F-11D3-BF4B-00C04F79EFBC}") = "TAL.QuoteAndApply.Policy.IntegrationTests", "TAL.QuoteAndApply.Policy.IntegrationTests\TAL.QuoteAndApply.Policy.IntegrationTests.csproj", "{94F4DA6A-4928-4AD2-8D62-8F61AA0E9BDF}"
EndProject
Project("{FAE04EC0-301F-11D3-BF4B-00C04F79EFBC}") = "TAL.QuoteAndApply.DataLayer", "TAL.QuoteAndApply.DataLayer\TAL.QuoteAndApply.DataLayer.csproj", "{B2DF77FB-A710-49CC-9AC9-286039356419}"
EndProject
Project("{FAE04EC0-301F-11D3-BF4B-00C04F79EFBC}") = "TAL.QuoteAndApply.Party", "TAL.QuoteAndApply.Party\TAL.QuoteAndApply.Party.csproj", "{74D0C3AF-F7CD-48B7-80D6-5C1781F5712C}"
EndProject
Project("{FAE04EC0-301F-11D3-BF4B-00C04F79EFBC}") = "TAL.QuoteAndApply.Party.UnitTests", "TAL.QuoteAndApply.Party.UnitTests\TAL.QuoteAndApply.Party.UnitTests.csproj", "{C8AD5026-6D81-4823-B9A3-6F38F490CA3A}"
EndProject
Project("{2150E333-8FDC-42A3-9474-1A3956D46DE8}") = "Shared", "Shared", "{B1844D53-F8EA-407A-A5BC-676B995F32E9}"
EndProject
Project("{FAE04EC0-301F-11D3-BF4B-00C04F79EFBC}") = "TAL.QuoteAndApply.Rules", "TAL.QuoteAndApply.Rules\TAL.QuoteAndApply.Rules.csproj", "{3720CF5D-81E0-48DC-B4E5-69BF1D58FF52}"
EndProject
Project("{FAE04EC0-301F-11D3-BF4B-00C04F79EFBC}") = "TAL.QuoteAndApply.Rules.UnitTests", "TAL.QuoteAndApply.Rules.UnitTests\TAL.QuoteAndApply.Rules.UnitTests.csproj", "{F68A5AE7-7F4D-4616-AD90-1DBE54673CD4}"
EndProject
Project("{FAE04EC0-301F-11D3-BF4B-00C04F79EFBC}") = "TAL.QuoteAndApply.Party.IntegrationTests", "TAL.QuoteAndApply.Party.IntegrationTests\TAL.QuoteAndApply.Party.IntegrationTests.csproj", "{46C24180-4417-43D5-B4BF-C5B41BEE259B}"
EndProject
Project("{FAE04EC0-301F-11D3-BF4B-00C04F79EFBC}") = "TAL.QuoteAndApply.DataModel", "TAL.QuoteAndApply.DataModel\TAL.QuoteAndApply.DataModel.csproj", "{6E7E043C-A5B7-4DE6-9126-BC786543349C}"
EndProject
Project("{FAE04EC0-301F-11D3-BF4B-00C04F79EFBC}") = "TAL.QuoteAndApply.ServiceLayer.IntegrationTests", "TAL.QuoteAndApply.ServiceLayer.IntegrationTests\TAL.QuoteAndApply.ServiceLayer.IntegrationTests.csproj", "{2041E7AB-AB11-4143-AEFC-DFA1B63164DF}"
EndProject
Project("{FAE04EC0-301F-11D3-BF4B-00C04F79EFBC}") = "TAL.QuoteAndApply.ServiceLayer.UnitTests", "TAL.QuoteAndApply.ServiceLayer.UnitTests\TAL.QuoteAndApply.ServiceLayer.UnitTests.csproj", "{756CF675-6AD4-49A3-8E5A-6B46A5AEB8DC}"
EndProject
Project("{FAE04EC0-301F-11D3-BF4B-00C04F79EFBC}") = "TAL.QuoteAndApply.Policy.UnitTests", "TAL.QuoteAndApply.Policy.UnitTests\TAL.QuoteAndApply.Policy.UnitTests.csproj", "{0461C774-61E7-4C30-A156-829273D7C849}"
EndProject
Project("{FAE04EC0-301F-11D3-BF4B-00C04F79EFBC}") = "TAL.QuoteAndApply.Product.IntegrationTests", "TAL.QuoteAndApply.Product.IntegrationTests\TAL.QuoteAndApply.Product.IntegrationTests.csproj", "{C5E1CF85-CCE7-4BAA-8F58-C94C0D229863}"
EndProject
Project("{FAE04EC0-301F-11D3-BF4B-00C04F79EFBC}") = "TAL.QuoteAndApply.Customer.Web", "TAL.QuoteAndApply.Customer.Web\TAL.QuoteAndApply.Customer.Web.csproj", "{0C6C33CB-A772-494E-9319-CD16D84053B0}"
EndProject
Project("{FAE04EC0-301F-11D3-BF4B-00C04F79EFBC}") = "TAL.QuoteAndApply.Web.Shared", "TAL.QuoteAndApply.Web.Shared\TAL.QuoteAndApply.Web.Shared.csproj", "{3C71E1B3-C207-4002-9ABC-D1563ABD749D}"
EndProject
Project("{FAE04EC0-301F-11D3-BF4B-00C04F79EFBC}") = "TAL.QuoteAndApply.UserRoles", "TAL.QuoteAndApply.UserRoles\TAL.QuoteAndApply.UserRoles.csproj", "{5685D882-8748-40AE-A503-73AA91C3BF66}"
EndProject
Project("{FAE04EC0-301F-11D3-BF4B-00C04F79EFBC}") = "TAL.QuoteAndApply.UserRoles.IntegrationTests", "TAL.QuoteAndApply.UserRoles.IntegrationTests\TAL.QuoteAndApply.UserRoles.IntegrationTests.csproj", "{DF3763A2-7755-4251-952A-8D2377D9603A}"
EndProject
Project("{FAE04EC0-301F-11D3-BF4B-00C04F79EFBC}") = "TAL.QuoteAndApply.UserRoles.UnitTests", "TAL.QuoteAndApply.UserRoles.UnitTests\TAL.QuoteAndApply.UserRoles.UnitTests.csproj", "{430D8B97-DFFD-4DFA-9DDC-AF856C2A902B}"
EndProject
Project("{FAE04EC0-301F-11D3-BF4B-00C04F79EFBC}") = "TAL.QuoteAndApply.Payment", "TAL.QuoteAndApply.Payment\TAL.QuoteAndApply.Payment.csproj", "{559FCD3F-D0BF-49AF-BA85-51F26D336622}"
EndProject
Project("{FAE04EC0-301F-11D3-BF4B-00C04F79EFBC}") = "TAL.QuoteAndApply.Payment.Integration.Tests", "TAL.QuoteAndApply.Payment.Integration.Tests\TAL.QuoteAndApply.Payment.Integration.Tests.csproj", "{44A35F56-6671-4D3B-9270-BE959726048D}"
EndProject
Project("{FAE04EC0-301F-11D3-BF4B-00C04F79EFBC}") = "TAL.QuoteAndApply.Payment.UnitTests", "TAL.QuoteAndApply.Payment.UnitTests\TAL.QuoteAndApply.Payment.UnitTests.csproj", "{AD5E1E2B-64E6-4EF7-A24F-1E5835980047}"
EndProject
Project("{FAE04EC0-301F-11D3-BF4B-00C04F79EFBC}") = "TAL.QuoteAndApply.PremiumCalculation", "TAL.QuoteAndApply.PremiumCalculation\TAL.QuoteAndApply.PremiumCalculation.csproj", "{E109CC8C-78D5-47E0-98FB-E941F4CA39F3}"
EndProject
Project("{FAE04EC0-301F-11D3-BF4B-00C04F79EFBC}") = "TAL.QuoteAndApply.PremiumCalculation.IntegrationTests", "TAL.QuoteAndApply.PremiumCalculation.IntegrationTests\TAL.QuoteAndApply.PremiumCalculation.IntegrationTests.csproj", "{DD30B606-85E9-4795-B549-FAE27C304CF3}"
EndProject
Project("{FAE04EC0-301F-11D3-BF4B-00C04F79EFBC}") = "TAL.QuoteAndApply.PremiumCalculation.UnitTests", "TAL.QuoteAndApply.PremiumCalculation.UnitTests\TAL.QuoteAndApply.PremiumCalculation.UnitTests.csproj", "{BDC44692-7A63-4281-9D88-25CE11D055EE}"
EndProject
Project("{FAE04EC0-301F-11D3-BF4B-00C04F79EFBC}") = "TAL.QuoteAndApply.Customer.Web.UnitTests", "TAL.QuoteAndApply.Customer.Web.UnitTests\TAL.QuoteAndApply.Customer.Web.UnitTests.csproj", "{09874478-479F-4D6D-875C-D92F17BC24B6}"
EndProject
Project("{FAE04EC0-301F-11D3-BF4B-00C04F79EFBC}") = "TAL.QuoteAndApply.Customer.Web.IntegrationTests", "TAL.QuoteAndApply.Customer.Web.IntegrationTests\TAL.QuoteAndApply.Customer.Web.IntegrationTests.csproj", "{702109D8-AB36-4602-A84F-DD08E994F8F1}"
EndProject
Project("{FAE04EC0-301F-11D3-BF4B-00C04F79EFBC}") = "TAL.QuoteAndApply.PerformanceEmulator", "TAL.QuoteAndApply.PerformanceEmulator\TAL.QuoteAndApply.PerformanceEmulator.csproj", "{0416883F-2E4B-49A5-B05B-6A5D00514B64}"
EndProject
Project("{FAE04EC0-301F-11D3-BF4B-00C04F79EFBC}") = "TAL.QuoteAndApply.Infrastructure.Tests", "TAL.QuoteAndApply.Infrastructure.Tests\TAL.QuoteAndApply.Infrastructure.Tests.csproj", "{E711E15C-74A7-4212-99C4-78833AD927E1}"
EndProject
Project("{FAE04EC0-301F-11D3-BF4B-00C04F79EFBC}") = "TAL.QuoteAndApply.Interactions", "TAL.QuoteAndApply.Interactions\TAL.QuoteAndApply.Interactions.csproj", "{31BA9489-C264-4D94-A923-CDED3A389189}"
EndProject
Project("{FAE04EC0-301F-11D3-BF4B-00C04F79EFBC}") = "TAL.QuoteAndApply.Interactions.IntegrationTests", "TAL.QuoteAndApply.Interactions.IntegrationTests\TAL.QuoteAndApply.Interactions.IntegrationTests.csproj", "{686B70C2-C0BB-40CD-A69B-C5C982337028}"
EndProject
Project("{FAE04EC0-301F-11D3-BF4B-00C04F79EFBC}") = "TAL.QuoteAndApply.Analytics", "TAL.QuoteAndApply.Analytics\TAL.QuoteAndApply.Analytics.csproj", "{112FC9F9-0550-4F42-80D8-E8478A76601C}"
EndProject
Project("{FAE04EC0-301F-11D3-BF4B-00C04F79EFBC}") = "TAL.QuoteAndApply.Analytics.UnitTests", "TAL.QuoteAndApply.Analytics.UnitTests\TAL.QuoteAndApply.Analytics.UnitTests.csproj", "{9BBBE96A-ED7A-45A3-8A65-922B1E043611}"
EndProject
Project("{FAE04EC0-301F-11D3-BF4B-00C04F79EFBC}") = "TAL.QuoteAndApply.Notifications", "TAL.QuoteAndApply.Notifications\TAL.QuoteAndApply.Notifications.csproj", "{0C73EA2C-E32D-408D-A1CC-53C2AE0C34AE}"
EndProject
Project("{FAE04EC0-301F-11D3-BF4B-00C04F79EFBC}") = "TAL.QuoteAndApply.Notifications.IntegrationTests", "TAL.QuoteAndApply.Notifications.IntegrationTests\TAL.QuoteAndApply.Notifications.IntegrationTests.csproj", "{362804E4-1A2C-4E7E-9E7B-9F1D76B48A4A}"
EndProject
Project("{FAE04EC0-301F-11D3-BF4B-00C04F79EFBC}") = "TAL.QuoteAndApply.Configuration", "TAL.QuoteAndApply.Configuration\TAL.QuoteAndApply.Configuration.csproj", "{4B74FB69-495D-469C-B677-7B9D3AE856B5}"
EndProject
Global
	GlobalSection(SolutionConfigurationPlatforms) = preSolution
		Debug|Any CPU = Debug|Any CPU
		IVT|Any CPU = IVT|Any CPU
		Release|Any CPU = Release|Any CPU
	EndGlobalSection
	GlobalSection(ProjectConfigurationPlatforms) = postSolution
		{7997EC66-8713-491F-85B9-EF75C4CB7C9A}.Debug|Any CPU.ActiveCfg = Debug|Any CPU
		{7997EC66-8713-491F-85B9-EF75C4CB7C9A}.Debug|Any CPU.Build.0 = Debug|Any CPU
		{7997EC66-8713-491F-85B9-EF75C4CB7C9A}.IVT|Any CPU.ActiveCfg = Release|Any CPU
		{7997EC66-8713-491F-85B9-EF75C4CB7C9A}.IVT|Any CPU.Build.0 = Release|Any CPU
		{7997EC66-8713-491F-85B9-EF75C4CB7C9A}.Release|Any CPU.ActiveCfg = Release|Any CPU
		{7997EC66-8713-491F-85B9-EF75C4CB7C9A}.Release|Any CPU.Build.0 = Release|Any CPU
		{1DC5B93C-E78D-4BA5-9797-1F0416058E25}.Debug|Any CPU.ActiveCfg = Debug|Any CPU
		{1DC5B93C-E78D-4BA5-9797-1F0416058E25}.Debug|Any CPU.Build.0 = Debug|Any CPU
		{1DC5B93C-E78D-4BA5-9797-1F0416058E25}.IVT|Any CPU.ActiveCfg = Release|Any CPU
		{1DC5B93C-E78D-4BA5-9797-1F0416058E25}.IVT|Any CPU.Build.0 = Release|Any CPU
		{1DC5B93C-E78D-4BA5-9797-1F0416058E25}.Release|Any CPU.ActiveCfg = Release|Any CPU
		{1DC5B93C-E78D-4BA5-9797-1F0416058E25}.Release|Any CPU.Build.0 = Release|Any CPU
		{AF6718F8-8028-462F-BA2C-9EE5937C49B8}.Debug|Any CPU.ActiveCfg = Debug|Any CPU
		{AF6718F8-8028-462F-BA2C-9EE5937C49B8}.Debug|Any CPU.Build.0 = Debug|Any CPU
		{AF6718F8-8028-462F-BA2C-9EE5937C49B8}.IVT|Any CPU.ActiveCfg = Release|Any CPU
		{AF6718F8-8028-462F-BA2C-9EE5937C49B8}.IVT|Any CPU.Build.0 = Release|Any CPU
		{AF6718F8-8028-462F-BA2C-9EE5937C49B8}.Release|Any CPU.ActiveCfg = Release|Any CPU
		{AF6718F8-8028-462F-BA2C-9EE5937C49B8}.Release|Any CPU.Build.0 = Release|Any CPU
		{77AAE6BA-5225-41D6-8FAC-48DBAD9122E3}.Debug|Any CPU.ActiveCfg = Debug|Any CPU
		{77AAE6BA-5225-41D6-8FAC-48DBAD9122E3}.Debug|Any CPU.Build.0 = Debug|Any CPU
		{77AAE6BA-5225-41D6-8FAC-48DBAD9122E3}.IVT|Any CPU.ActiveCfg = Release|Any CPU
		{77AAE6BA-5225-41D6-8FAC-48DBAD9122E3}.IVT|Any CPU.Build.0 = Release|Any CPU
		{77AAE6BA-5225-41D6-8FAC-48DBAD9122E3}.Release|Any CPU.ActiveCfg = Release|Any CPU
		{77AAE6BA-5225-41D6-8FAC-48DBAD9122E3}.Release|Any CPU.Build.0 = Release|Any CPU
		{F9C112AA-688F-4A9F-BA59-AF4FB3429047}.Debug|Any CPU.ActiveCfg = Debug|Any CPU
		{F9C112AA-688F-4A9F-BA59-AF4FB3429047}.Debug|Any CPU.Build.0 = Debug|Any CPU
		{F9C112AA-688F-4A9F-BA59-AF4FB3429047}.IVT|Any CPU.ActiveCfg = Release|Any CPU
		{F9C112AA-688F-4A9F-BA59-AF4FB3429047}.IVT|Any CPU.Build.0 = Release|Any CPU
		{F9C112AA-688F-4A9F-BA59-AF4FB3429047}.Release|Any CPU.ActiveCfg = Release|Any CPU
		{F9C112AA-688F-4A9F-BA59-AF4FB3429047}.Release|Any CPU.Build.0 = Release|Any CPU
		{A7064FCA-D786-41BA-92A3-26A8189AC58B}.Debug|Any CPU.ActiveCfg = Debug|Any CPU
		{A7064FCA-D786-41BA-92A3-26A8189AC58B}.Debug|Any CPU.Build.0 = Debug|Any CPU
		{A7064FCA-D786-41BA-92A3-26A8189AC58B}.IVT|Any CPU.ActiveCfg = Release|Any CPU
		{A7064FCA-D786-41BA-92A3-26A8189AC58B}.IVT|Any CPU.Build.0 = Release|Any CPU
		{A7064FCA-D786-41BA-92A3-26A8189AC58B}.Release|Any CPU.ActiveCfg = Release|Any CPU
		{A7064FCA-D786-41BA-92A3-26A8189AC58B}.Release|Any CPU.Build.0 = Release|Any CPU
		{536E3722-667E-40F0-BF75-D4C15EBFFB7F}.Debug|Any CPU.ActiveCfg = Debug|Any CPU
		{536E3722-667E-40F0-BF75-D4C15EBFFB7F}.Debug|Any CPU.Build.0 = Debug|Any CPU
		{536E3722-667E-40F0-BF75-D4C15EBFFB7F}.IVT|Any CPU.ActiveCfg = Release|Any CPU
		{536E3722-667E-40F0-BF75-D4C15EBFFB7F}.IVT|Any CPU.Build.0 = Release|Any CPU
		{536E3722-667E-40F0-BF75-D4C15EBFFB7F}.Release|Any CPU.ActiveCfg = Release|Any CPU
		{536E3722-667E-40F0-BF75-D4C15EBFFB7F}.Release|Any CPU.Build.0 = Release|Any CPU
		{74E7C28C-E8C3-446B-954F-16DB50B29515}.Debug|Any CPU.ActiveCfg = Debug|Any CPU
		{74E7C28C-E8C3-446B-954F-16DB50B29515}.Debug|Any CPU.Build.0 = Debug|Any CPU
		{74E7C28C-E8C3-446B-954F-16DB50B29515}.IVT|Any CPU.ActiveCfg = Release|Any CPU
		{74E7C28C-E8C3-446B-954F-16DB50B29515}.IVT|Any CPU.Build.0 = Release|Any CPU
		{74E7C28C-E8C3-446B-954F-16DB50B29515}.Release|Any CPU.ActiveCfg = Release|Any CPU
		{74E7C28C-E8C3-446B-954F-16DB50B29515}.Release|Any CPU.Build.0 = Release|Any CPU
		{ADF5811C-D427-47F5-BD51-6750AB90E271}.Debug|Any CPU.ActiveCfg = Debug|Any CPU
		{ADF5811C-D427-47F5-BD51-6750AB90E271}.Debug|Any CPU.Build.0 = Debug|Any CPU
		{ADF5811C-D427-47F5-BD51-6750AB90E271}.IVT|Any CPU.ActiveCfg = Release|Any CPU
		{ADF5811C-D427-47F5-BD51-6750AB90E271}.IVT|Any CPU.Build.0 = Release|Any CPU
		{ADF5811C-D427-47F5-BD51-6750AB90E271}.Release|Any CPU.ActiveCfg = Release|Any CPU
		{ADF5811C-D427-47F5-BD51-6750AB90E271}.Release|Any CPU.Build.0 = Release|Any CPU
		{450C0AE6-4ACD-42D3-BB70-F8D423F40724}.Debug|Any CPU.ActiveCfg = Debug|Any CPU
		{450C0AE6-4ACD-42D3-BB70-F8D423F40724}.Debug|Any CPU.Build.0 = Debug|Any CPU
		{450C0AE6-4ACD-42D3-BB70-F8D423F40724}.IVT|Any CPU.ActiveCfg = Release|Any CPU
		{450C0AE6-4ACD-42D3-BB70-F8D423F40724}.IVT|Any CPU.Build.0 = Release|Any CPU
		{450C0AE6-4ACD-42D3-BB70-F8D423F40724}.Release|Any CPU.ActiveCfg = Release|Any CPU
		{450C0AE6-4ACD-42D3-BB70-F8D423F40724}.Release|Any CPU.Build.0 = Release|Any CPU
		{E24B866B-076C-491A-8074-FFB0432B6B40}.Debug|Any CPU.ActiveCfg = Debug|Any CPU
		{E24B866B-076C-491A-8074-FFB0432B6B40}.Debug|Any CPU.Build.0 = Debug|Any CPU
		{E24B866B-076C-491A-8074-FFB0432B6B40}.IVT|Any CPU.ActiveCfg = Release|Any CPU
		{E24B866B-076C-491A-8074-FFB0432B6B40}.IVT|Any CPU.Build.0 = Release|Any CPU
		{E24B866B-076C-491A-8074-FFB0432B6B40}.Release|Any CPU.ActiveCfg = Release|Any CPU
		{E24B866B-076C-491A-8074-FFB0432B6B40}.Release|Any CPU.Build.0 = Release|Any CPU
		{18792F75-909E-4BC2-94A2-B5287069B7DF}.Debug|Any CPU.ActiveCfg = Debug|Any CPU
		{18792F75-909E-4BC2-94A2-B5287069B7DF}.Debug|Any CPU.Build.0 = Debug|Any CPU
		{18792F75-909E-4BC2-94A2-B5287069B7DF}.IVT|Any CPU.ActiveCfg = Release|Any CPU
		{18792F75-909E-4BC2-94A2-B5287069B7DF}.IVT|Any CPU.Build.0 = Release|Any CPU
		{18792F75-909E-4BC2-94A2-B5287069B7DF}.Release|Any CPU.ActiveCfg = Release|Any CPU
		{18792F75-909E-4BC2-94A2-B5287069B7DF}.Release|Any CPU.Build.0 = Release|Any CPU
		{FAAFB057-0519-4AAC-B819-A7B4BBDCC27D}.Debug|Any CPU.ActiveCfg = Debug|Any CPU
		{FAAFB057-0519-4AAC-B819-A7B4BBDCC27D}.Debug|Any CPU.Build.0 = Debug|Any CPU
		{FAAFB057-0519-4AAC-B819-A7B4BBDCC27D}.IVT|Any CPU.ActiveCfg = Release|Any CPU
		{FAAFB057-0519-4AAC-B819-A7B4BBDCC27D}.IVT|Any CPU.Build.0 = Release|Any CPU
		{FAAFB057-0519-4AAC-B819-A7B4BBDCC27D}.Release|Any CPU.ActiveCfg = Release|Any CPU
		{FAAFB057-0519-4AAC-B819-A7B4BBDCC27D}.Release|Any CPU.Build.0 = Release|Any CPU
		{8CF41745-32AF-4DA6-BD30-FE7DD7D53A43}.Debug|Any CPU.ActiveCfg = Debug|Any CPU
		{8CF41745-32AF-4DA6-BD30-FE7DD7D53A43}.Debug|Any CPU.Build.0 = Debug|Any CPU
		{8CF41745-32AF-4DA6-BD30-FE7DD7D53A43}.IVT|Any CPU.ActiveCfg = Release|Any CPU
		{8CF41745-32AF-4DA6-BD30-FE7DD7D53A43}.IVT|Any CPU.Build.0 = Release|Any CPU
		{8CF41745-32AF-4DA6-BD30-FE7DD7D53A43}.Release|Any CPU.ActiveCfg = Release|Any CPU
		{8CF41745-32AF-4DA6-BD30-FE7DD7D53A43}.Release|Any CPU.Build.0 = Release|Any CPU
		{94F4DA6A-4928-4AD2-8D62-8F61AA0E9BDF}.Debug|Any CPU.ActiveCfg = Debug|Any CPU
		{94F4DA6A-4928-4AD2-8D62-8F61AA0E9BDF}.Debug|Any CPU.Build.0 = Debug|Any CPU
		{94F4DA6A-4928-4AD2-8D62-8F61AA0E9BDF}.IVT|Any CPU.ActiveCfg = Release|Any CPU
		{94F4DA6A-4928-4AD2-8D62-8F61AA0E9BDF}.IVT|Any CPU.Build.0 = Release|Any CPU
		{94F4DA6A-4928-4AD2-8D62-8F61AA0E9BDF}.Release|Any CPU.ActiveCfg = Release|Any CPU
		{94F4DA6A-4928-4AD2-8D62-8F61AA0E9BDF}.Release|Any CPU.Build.0 = Release|Any CPU
		{B2DF77FB-A710-49CC-9AC9-286039356419}.Debug|Any CPU.ActiveCfg = Debug|Any CPU
		{B2DF77FB-A710-49CC-9AC9-286039356419}.Debug|Any CPU.Build.0 = Debug|Any CPU
		{B2DF77FB-A710-49CC-9AC9-286039356419}.IVT|Any CPU.ActiveCfg = Release|Any CPU
		{B2DF77FB-A710-49CC-9AC9-286039356419}.IVT|Any CPU.Build.0 = Release|Any CPU
		{B2DF77FB-A710-49CC-9AC9-286039356419}.Release|Any CPU.ActiveCfg = Release|Any CPU
		{B2DF77FB-A710-49CC-9AC9-286039356419}.Release|Any CPU.Build.0 = Release|Any CPU
		{74D0C3AF-F7CD-48B7-80D6-5C1781F5712C}.Debug|Any CPU.ActiveCfg = Debug|Any CPU
		{74D0C3AF-F7CD-48B7-80D6-5C1781F5712C}.Debug|Any CPU.Build.0 = Debug|Any CPU
		{74D0C3AF-F7CD-48B7-80D6-5C1781F5712C}.IVT|Any CPU.ActiveCfg = Release|Any CPU
		{74D0C3AF-F7CD-48B7-80D6-5C1781F5712C}.IVT|Any CPU.Build.0 = Release|Any CPU
		{74D0C3AF-F7CD-48B7-80D6-5C1781F5712C}.Release|Any CPU.ActiveCfg = Release|Any CPU
		{74D0C3AF-F7CD-48B7-80D6-5C1781F5712C}.Release|Any CPU.Build.0 = Release|Any CPU
		{C8AD5026-6D81-4823-B9A3-6F38F490CA3A}.Debug|Any CPU.ActiveCfg = Debug|Any CPU
		{C8AD5026-6D81-4823-B9A3-6F38F490CA3A}.Debug|Any CPU.Build.0 = Debug|Any CPU
		{C8AD5026-6D81-4823-B9A3-6F38F490CA3A}.IVT|Any CPU.ActiveCfg = Release|Any CPU
		{C8AD5026-6D81-4823-B9A3-6F38F490CA3A}.IVT|Any CPU.Build.0 = Release|Any CPU
		{C8AD5026-6D81-4823-B9A3-6F38F490CA3A}.Release|Any CPU.ActiveCfg = Release|Any CPU
		{C8AD5026-6D81-4823-B9A3-6F38F490CA3A}.Release|Any CPU.Build.0 = Release|Any CPU
		{3720CF5D-81E0-48DC-B4E5-69BF1D58FF52}.Debug|Any CPU.ActiveCfg = Debug|Any CPU
		{3720CF5D-81E0-48DC-B4E5-69BF1D58FF52}.Debug|Any CPU.Build.0 = Debug|Any CPU
		{3720CF5D-81E0-48DC-B4E5-69BF1D58FF52}.IVT|Any CPU.ActiveCfg = Release|Any CPU
		{3720CF5D-81E0-48DC-B4E5-69BF1D58FF52}.IVT|Any CPU.Build.0 = Release|Any CPU
		{3720CF5D-81E0-48DC-B4E5-69BF1D58FF52}.Release|Any CPU.ActiveCfg = Release|Any CPU
		{3720CF5D-81E0-48DC-B4E5-69BF1D58FF52}.Release|Any CPU.Build.0 = Release|Any CPU
		{F68A5AE7-7F4D-4616-AD90-1DBE54673CD4}.Debug|Any CPU.ActiveCfg = Debug|Any CPU
		{F68A5AE7-7F4D-4616-AD90-1DBE54673CD4}.Debug|Any CPU.Build.0 = Debug|Any CPU
		{F68A5AE7-7F4D-4616-AD90-1DBE54673CD4}.IVT|Any CPU.ActiveCfg = Release|Any CPU
		{F68A5AE7-7F4D-4616-AD90-1DBE54673CD4}.IVT|Any CPU.Build.0 = Release|Any CPU
		{F68A5AE7-7F4D-4616-AD90-1DBE54673CD4}.Release|Any CPU.ActiveCfg = Release|Any CPU
		{F68A5AE7-7F4D-4616-AD90-1DBE54673CD4}.Release|Any CPU.Build.0 = Release|Any CPU
		{46C24180-4417-43D5-B4BF-C5B41BEE259B}.Debug|Any CPU.ActiveCfg = Debug|Any CPU
		{46C24180-4417-43D5-B4BF-C5B41BEE259B}.Debug|Any CPU.Build.0 = Debug|Any CPU
		{46C24180-4417-43D5-B4BF-C5B41BEE259B}.IVT|Any CPU.ActiveCfg = Release|Any CPU
		{46C24180-4417-43D5-B4BF-C5B41BEE259B}.IVT|Any CPU.Build.0 = Release|Any CPU
		{46C24180-4417-43D5-B4BF-C5B41BEE259B}.Release|Any CPU.ActiveCfg = Release|Any CPU
		{46C24180-4417-43D5-B4BF-C5B41BEE259B}.Release|Any CPU.Build.0 = Release|Any CPU
		{6E7E043C-A5B7-4DE6-9126-BC786543349C}.Debug|Any CPU.ActiveCfg = Debug|Any CPU
		{6E7E043C-A5B7-4DE6-9126-BC786543349C}.Debug|Any CPU.Build.0 = Debug|Any CPU
		{6E7E043C-A5B7-4DE6-9126-BC786543349C}.IVT|Any CPU.ActiveCfg = Release|Any CPU
		{6E7E043C-A5B7-4DE6-9126-BC786543349C}.IVT|Any CPU.Build.0 = Release|Any CPU
		{6E7E043C-A5B7-4DE6-9126-BC786543349C}.Release|Any CPU.ActiveCfg = Release|Any CPU
		{6E7E043C-A5B7-4DE6-9126-BC786543349C}.Release|Any CPU.Build.0 = Release|Any CPU
		{2041E7AB-AB11-4143-AEFC-DFA1B63164DF}.Debug|Any CPU.ActiveCfg = Debug|Any CPU
		{2041E7AB-AB11-4143-AEFC-DFA1B63164DF}.Debug|Any CPU.Build.0 = Debug|Any CPU
		{2041E7AB-AB11-4143-AEFC-DFA1B63164DF}.IVT|Any CPU.ActiveCfg = Release|Any CPU
		{2041E7AB-AB11-4143-AEFC-DFA1B63164DF}.IVT|Any CPU.Build.0 = Release|Any CPU
		{2041E7AB-AB11-4143-AEFC-DFA1B63164DF}.Release|Any CPU.ActiveCfg = Release|Any CPU
		{2041E7AB-AB11-4143-AEFC-DFA1B63164DF}.Release|Any CPU.Build.0 = Release|Any CPU
		{756CF675-6AD4-49A3-8E5A-6B46A5AEB8DC}.Debug|Any CPU.ActiveCfg = Debug|Any CPU
		{756CF675-6AD4-49A3-8E5A-6B46A5AEB8DC}.Debug|Any CPU.Build.0 = Debug|Any CPU
		{756CF675-6AD4-49A3-8E5A-6B46A5AEB8DC}.IVT|Any CPU.ActiveCfg = Release|Any CPU
		{756CF675-6AD4-49A3-8E5A-6B46A5AEB8DC}.IVT|Any CPU.Build.0 = Release|Any CPU
		{756CF675-6AD4-49A3-8E5A-6B46A5AEB8DC}.Release|Any CPU.ActiveCfg = Release|Any CPU
		{756CF675-6AD4-49A3-8E5A-6B46A5AEB8DC}.Release|Any CPU.Build.0 = Release|Any CPU
		{0461C774-61E7-4C30-A156-829273D7C849}.Debug|Any CPU.ActiveCfg = Debug|Any CPU
		{0461C774-61E7-4C30-A156-829273D7C849}.Debug|Any CPU.Build.0 = Debug|Any CPU
		{0461C774-61E7-4C30-A156-829273D7C849}.IVT|Any CPU.ActiveCfg = Release|Any CPU
		{0461C774-61E7-4C30-A156-829273D7C849}.IVT|Any CPU.Build.0 = Release|Any CPU
		{0461C774-61E7-4C30-A156-829273D7C849}.Release|Any CPU.ActiveCfg = Release|Any CPU
		{0461C774-61E7-4C30-A156-829273D7C849}.Release|Any CPU.Build.0 = Release|Any CPU
		{C5E1CF85-CCE7-4BAA-8F58-C94C0D229863}.Debug|Any CPU.ActiveCfg = Debug|Any CPU
		{C5E1CF85-CCE7-4BAA-8F58-C94C0D229863}.Debug|Any CPU.Build.0 = Debug|Any CPU
		{C5E1CF85-CCE7-4BAA-8F58-C94C0D229863}.IVT|Any CPU.ActiveCfg = Release|Any CPU
		{C5E1CF85-CCE7-4BAA-8F58-C94C0D229863}.IVT|Any CPU.Build.0 = Release|Any CPU
		{C5E1CF85-CCE7-4BAA-8F58-C94C0D229863}.Release|Any CPU.ActiveCfg = Release|Any CPU
		{C5E1CF85-CCE7-4BAA-8F58-C94C0D229863}.Release|Any CPU.Build.0 = Release|Any CPU
		{0C6C33CB-A772-494E-9319-CD16D84053B0}.Debug|Any CPU.ActiveCfg = Debug|Any CPU
		{0C6C33CB-A772-494E-9319-CD16D84053B0}.Debug|Any CPU.Build.0 = Debug|Any CPU
		{0C6C33CB-A772-494E-9319-CD16D84053B0}.IVT|Any CPU.ActiveCfg = Release|Any CPU
		{0C6C33CB-A772-494E-9319-CD16D84053B0}.IVT|Any CPU.Build.0 = Release|Any CPU
		{0C6C33CB-A772-494E-9319-CD16D84053B0}.Release|Any CPU.ActiveCfg = Release|Any CPU
		{0C6C33CB-A772-494E-9319-CD16D84053B0}.Release|Any CPU.Build.0 = Release|Any CPU
		{3C71E1B3-C207-4002-9ABC-D1563ABD749D}.Debug|Any CPU.ActiveCfg = Debug|Any CPU
		{3C71E1B3-C207-4002-9ABC-D1563ABD749D}.Debug|Any CPU.Build.0 = Debug|Any CPU
		{3C71E1B3-C207-4002-9ABC-D1563ABD749D}.IVT|Any CPU.ActiveCfg = Release|Any CPU
		{3C71E1B3-C207-4002-9ABC-D1563ABD749D}.IVT|Any CPU.Build.0 = Release|Any CPU
		{3C71E1B3-C207-4002-9ABC-D1563ABD749D}.Release|Any CPU.ActiveCfg = Release|Any CPU
		{3C71E1B3-C207-4002-9ABC-D1563ABD749D}.Release|Any CPU.Build.0 = Release|Any CPU
		{5685D882-8748-40AE-A503-73AA91C3BF66}.Debug|Any CPU.ActiveCfg = Debug|Any CPU
		{5685D882-8748-40AE-A503-73AA91C3BF66}.Debug|Any CPU.Build.0 = Debug|Any CPU
		{5685D882-8748-40AE-A503-73AA91C3BF66}.IVT|Any CPU.ActiveCfg = Release|Any CPU
		{5685D882-8748-40AE-A503-73AA91C3BF66}.IVT|Any CPU.Build.0 = Release|Any CPU
		{5685D882-8748-40AE-A503-73AA91C3BF66}.Release|Any CPU.ActiveCfg = Release|Any CPU
		{5685D882-8748-40AE-A503-73AA91C3BF66}.Release|Any CPU.Build.0 = Release|Any CPU
		{DF3763A2-7755-4251-952A-8D2377D9603A}.Debug|Any CPU.ActiveCfg = Debug|Any CPU
		{DF3763A2-7755-4251-952A-8D2377D9603A}.Debug|Any CPU.Build.0 = Debug|Any CPU
		{DF3763A2-7755-4251-952A-8D2377D9603A}.IVT|Any CPU.ActiveCfg = Release|Any CPU
		{DF3763A2-7755-4251-952A-8D2377D9603A}.IVT|Any CPU.Build.0 = Release|Any CPU
		{DF3763A2-7755-4251-952A-8D2377D9603A}.Release|Any CPU.ActiveCfg = Release|Any CPU
		{DF3763A2-7755-4251-952A-8D2377D9603A}.Release|Any CPU.Build.0 = Release|Any CPU
		{430D8B97-DFFD-4DFA-9DDC-AF856C2A902B}.Debug|Any CPU.ActiveCfg = Debug|Any CPU
		{430D8B97-DFFD-4DFA-9DDC-AF856C2A902B}.Debug|Any CPU.Build.0 = Debug|Any CPU
		{430D8B97-DFFD-4DFA-9DDC-AF856C2A902B}.IVT|Any CPU.ActiveCfg = Release|Any CPU
		{430D8B97-DFFD-4DFA-9DDC-AF856C2A902B}.IVT|Any CPU.Build.0 = Release|Any CPU
		{430D8B97-DFFD-4DFA-9DDC-AF856C2A902B}.Release|Any CPU.ActiveCfg = Release|Any CPU
		{430D8B97-DFFD-4DFA-9DDC-AF856C2A902B}.Release|Any CPU.Build.0 = Release|Any CPU
		{559FCD3F-D0BF-49AF-BA85-51F26D336622}.Debug|Any CPU.ActiveCfg = Debug|Any CPU
		{559FCD3F-D0BF-49AF-BA85-51F26D336622}.Debug|Any CPU.Build.0 = Debug|Any CPU
		{559FCD3F-D0BF-49AF-BA85-51F26D336622}.IVT|Any CPU.ActiveCfg = Release|Any CPU
		{559FCD3F-D0BF-49AF-BA85-51F26D336622}.IVT|Any CPU.Build.0 = Release|Any CPU
		{559FCD3F-D0BF-49AF-BA85-51F26D336622}.Release|Any CPU.ActiveCfg = Release|Any CPU
		{559FCD3F-D0BF-49AF-BA85-51F26D336622}.Release|Any CPU.Build.0 = Release|Any CPU
		{44A35F56-6671-4D3B-9270-BE959726048D}.Debug|Any CPU.ActiveCfg = Debug|Any CPU
		{44A35F56-6671-4D3B-9270-BE959726048D}.Debug|Any CPU.Build.0 = Debug|Any CPU
		{44A35F56-6671-4D3B-9270-BE959726048D}.IVT|Any CPU.ActiveCfg = Release|Any CPU
		{44A35F56-6671-4D3B-9270-BE959726048D}.IVT|Any CPU.Build.0 = Release|Any CPU
		{44A35F56-6671-4D3B-9270-BE959726048D}.Release|Any CPU.ActiveCfg = Release|Any CPU
		{44A35F56-6671-4D3B-9270-BE959726048D}.Release|Any CPU.Build.0 = Release|Any CPU
		{AD5E1E2B-64E6-4EF7-A24F-1E5835980047}.Debug|Any CPU.ActiveCfg = Debug|Any CPU
		{AD5E1E2B-64E6-4EF7-A24F-1E5835980047}.Debug|Any CPU.Build.0 = Debug|Any CPU
		{AD5E1E2B-64E6-4EF7-A24F-1E5835980047}.IVT|Any CPU.ActiveCfg = Release|Any CPU
		{AD5E1E2B-64E6-4EF7-A24F-1E5835980047}.IVT|Any CPU.Build.0 = Release|Any CPU
		{AD5E1E2B-64E6-4EF7-A24F-1E5835980047}.Release|Any CPU.ActiveCfg = Release|Any CPU
		{AD5E1E2B-64E6-4EF7-A24F-1E5835980047}.Release|Any CPU.Build.0 = Release|Any CPU
		{E109CC8C-78D5-47E0-98FB-E941F4CA39F3}.Debug|Any CPU.ActiveCfg = Debug|Any CPU
		{E109CC8C-78D5-47E0-98FB-E941F4CA39F3}.Debug|Any CPU.Build.0 = Debug|Any CPU
		{E109CC8C-78D5-47E0-98FB-E941F4CA39F3}.IVT|Any CPU.ActiveCfg = Release|Any CPU
		{E109CC8C-78D5-47E0-98FB-E941F4CA39F3}.IVT|Any CPU.Build.0 = Release|Any CPU
		{E109CC8C-78D5-47E0-98FB-E941F4CA39F3}.Release|Any CPU.ActiveCfg = Release|Any CPU
		{E109CC8C-78D5-47E0-98FB-E941F4CA39F3}.Release|Any CPU.Build.0 = Release|Any CPU
		{DD30B606-85E9-4795-B549-FAE27C304CF3}.Debug|Any CPU.ActiveCfg = Debug|Any CPU
		{DD30B606-85E9-4795-B549-FAE27C304CF3}.Debug|Any CPU.Build.0 = Debug|Any CPU
		{DD30B606-85E9-4795-B549-FAE27C304CF3}.IVT|Any CPU.ActiveCfg = Release|Any CPU
		{DD30B606-85E9-4795-B549-FAE27C304CF3}.IVT|Any CPU.Build.0 = Release|Any CPU
		{DD30B606-85E9-4795-B549-FAE27C304CF3}.Release|Any CPU.ActiveCfg = Release|Any CPU
		{DD30B606-85E9-4795-B549-FAE27C304CF3}.Release|Any CPU.Build.0 = Release|Any CPU
		{BDC44692-7A63-4281-9D88-25CE11D055EE}.Debug|Any CPU.ActiveCfg = Debug|Any CPU
		{BDC44692-7A63-4281-9D88-25CE11D055EE}.Debug|Any CPU.Build.0 = Debug|Any CPU
		{BDC44692-7A63-4281-9D88-25CE11D055EE}.IVT|Any CPU.ActiveCfg = Release|Any CPU
		{BDC44692-7A63-4281-9D88-25CE11D055EE}.IVT|Any CPU.Build.0 = Release|Any CPU
		{BDC44692-7A63-4281-9D88-25CE11D055EE}.Release|Any CPU.ActiveCfg = Release|Any CPU
		{BDC44692-7A63-4281-9D88-25CE11D055EE}.Release|Any CPU.Build.0 = Release|Any CPU
		{09874478-479F-4D6D-875C-D92F17BC24B6}.Debug|Any CPU.ActiveCfg = Debug|Any CPU
		{09874478-479F-4D6D-875C-D92F17BC24B6}.Debug|Any CPU.Build.0 = Debug|Any CPU
		{09874478-479F-4D6D-875C-D92F17BC24B6}.IVT|Any CPU.ActiveCfg = Release|Any CPU
		{09874478-479F-4D6D-875C-D92F17BC24B6}.IVT|Any CPU.Build.0 = Release|Any CPU
		{09874478-479F-4D6D-875C-D92F17BC24B6}.Release|Any CPU.ActiveCfg = Release|Any CPU
		{09874478-479F-4D6D-875C-D92F17BC24B6}.Release|Any CPU.Build.0 = Release|Any CPU
		{702109D8-AB36-4602-A84F-DD08E994F8F1}.Debug|Any CPU.ActiveCfg = Debug|Any CPU
		{702109D8-AB36-4602-A84F-DD08E994F8F1}.Debug|Any CPU.Build.0 = Debug|Any CPU
		{702109D8-AB36-4602-A84F-DD08E994F8F1}.IVT|Any CPU.ActiveCfg = Release|Any CPU
		{702109D8-AB36-4602-A84F-DD08E994F8F1}.IVT|Any CPU.Build.0 = Release|Any CPU
		{702109D8-AB36-4602-A84F-DD08E994F8F1}.Release|Any CPU.ActiveCfg = Release|Any CPU
		{702109D8-AB36-4602-A84F-DD08E994F8F1}.Release|Any CPU.Build.0 = Release|Any CPU
		{0416883F-2E4B-49A5-B05B-6A5D00514B64}.Debug|Any CPU.ActiveCfg = Debug|Any CPU
		{0416883F-2E4B-49A5-B05B-6A5D00514B64}.Debug|Any CPU.Build.0 = Debug|Any CPU
		{0416883F-2E4B-49A5-B05B-6A5D00514B64}.IVT|Any CPU.ActiveCfg = Release|Any CPU
		{0416883F-2E4B-49A5-B05B-6A5D00514B64}.IVT|Any CPU.Build.0 = Release|Any CPU
		{0416883F-2E4B-49A5-B05B-6A5D00514B64}.Release|Any CPU.ActiveCfg = Release|Any CPU
		{0416883F-2E4B-49A5-B05B-6A5D00514B64}.Release|Any CPU.Build.0 = Release|Any CPU
		{E711E15C-74A7-4212-99C4-78833AD927E1}.Debug|Any CPU.ActiveCfg = Debug|Any CPU
		{E711E15C-74A7-4212-99C4-78833AD927E1}.Debug|Any CPU.Build.0 = Debug|Any CPU
		{E711E15C-74A7-4212-99C4-78833AD927E1}.IVT|Any CPU.ActiveCfg = Release|Any CPU
		{E711E15C-74A7-4212-99C4-78833AD927E1}.IVT|Any CPU.Build.0 = Release|Any CPU
		{E711E15C-74A7-4212-99C4-78833AD927E1}.Release|Any CPU.ActiveCfg = Release|Any CPU
		{E711E15C-74A7-4212-99C4-78833AD927E1}.Release|Any CPU.Build.0 = Release|Any CPU
		{31BA9489-C264-4D94-A923-CDED3A389189}.Debug|Any CPU.ActiveCfg = Debug|Any CPU
		{31BA9489-C264-4D94-A923-CDED3A389189}.Debug|Any CPU.Build.0 = Debug|Any CPU
		{31BA9489-C264-4D94-A923-CDED3A389189}.IVT|Any CPU.ActiveCfg = Release|Any CPU
		{31BA9489-C264-4D94-A923-CDED3A389189}.IVT|Any CPU.Build.0 = Release|Any CPU
		{31BA9489-C264-4D94-A923-CDED3A389189}.Release|Any CPU.ActiveCfg = Release|Any CPU
		{31BA9489-C264-4D94-A923-CDED3A389189}.Release|Any CPU.Build.0 = Release|Any CPU
		{686B70C2-C0BB-40CD-A69B-C5C982337028}.Debug|Any CPU.ActiveCfg = Debug|Any CPU
		{686B70C2-C0BB-40CD-A69B-C5C982337028}.Debug|Any CPU.Build.0 = Debug|Any CPU
		{686B70C2-C0BB-40CD-A69B-C5C982337028}.IVT|Any CPU.ActiveCfg = Release|Any CPU
		{686B70C2-C0BB-40CD-A69B-C5C982337028}.IVT|Any CPU.Build.0 = Release|Any CPU
		{686B70C2-C0BB-40CD-A69B-C5C982337028}.Release|Any CPU.ActiveCfg = Release|Any CPU
		{686B70C2-C0BB-40CD-A69B-C5C982337028}.Release|Any CPU.Build.0 = Release|Any CPU
		{112FC9F9-0550-4F42-80D8-E8478A76601C}.Debug|Any CPU.ActiveCfg = Debug|Any CPU
		{112FC9F9-0550-4F42-80D8-E8478A76601C}.Debug|Any CPU.Build.0 = Debug|Any CPU
		{112FC9F9-0550-4F42-80D8-E8478A76601C}.IVT|Any CPU.ActiveCfg = Release|Any CPU
		{112FC9F9-0550-4F42-80D8-E8478A76601C}.IVT|Any CPU.Build.0 = Release|Any CPU
		{112FC9F9-0550-4F42-80D8-E8478A76601C}.Release|Any CPU.ActiveCfg = Release|Any CPU
		{112FC9F9-0550-4F42-80D8-E8478A76601C}.Release|Any CPU.Build.0 = Release|Any CPU
		{9BBBE96A-ED7A-45A3-8A65-922B1E043611}.Debug|Any CPU.ActiveCfg = Debug|Any CPU
		{9BBBE96A-ED7A-45A3-8A65-922B1E043611}.Debug|Any CPU.Build.0 = Debug|Any CPU
		{9BBBE96A-ED7A-45A3-8A65-922B1E043611}.IVT|Any CPU.ActiveCfg = Release|Any CPU
		{9BBBE96A-ED7A-45A3-8A65-922B1E043611}.IVT|Any CPU.Build.0 = Release|Any CPU
		{9BBBE96A-ED7A-45A3-8A65-922B1E043611}.Release|Any CPU.ActiveCfg = Release|Any CPU
		{9BBBE96A-ED7A-45A3-8A65-922B1E043611}.Release|Any CPU.Build.0 = Release|Any CPU
		{0C73EA2C-E32D-408D-A1CC-53C2AE0C34AE}.Debug|Any CPU.ActiveCfg = Debug|Any CPU
		{0C73EA2C-E32D-408D-A1CC-53C2AE0C34AE}.Debug|Any CPU.Build.0 = Debug|Any CPU
		{0C73EA2C-E32D-408D-A1CC-53C2AE0C34AE}.IVT|Any CPU.ActiveCfg = Release|Any CPU
		{0C73EA2C-E32D-408D-A1CC-53C2AE0C34AE}.IVT|Any CPU.Build.0 = Release|Any CPU
		{0C73EA2C-E32D-408D-A1CC-53C2AE0C34AE}.Release|Any CPU.ActiveCfg = Release|Any CPU
		{0C73EA2C-E32D-408D-A1CC-53C2AE0C34AE}.Release|Any CPU.Build.0 = Release|Any CPU
		{362804E4-1A2C-4E7E-9E7B-9F1D76B48A4A}.Debug|Any CPU.ActiveCfg = Debug|Any CPU
		{362804E4-1A2C-4E7E-9E7B-9F1D76B48A4A}.Debug|Any CPU.Build.0 = Debug|Any CPU
		{362804E4-1A2C-4E7E-9E7B-9F1D76B48A4A}.IVT|Any CPU.ActiveCfg = Release|Any CPU
		{362804E4-1A2C-4E7E-9E7B-9F1D76B48A4A}.IVT|Any CPU.Build.0 = Release|Any CPU
		{362804E4-1A2C-4E7E-9E7B-9F1D76B48A4A}.Release|Any CPU.ActiveCfg = Release|Any CPU
		{362804E4-1A2C-4E7E-9E7B-9F1D76B48A4A}.Release|Any CPU.Build.0 = Release|Any CPU
		{4B74FB69-495D-469C-B677-7B9D3AE856B5}.Debug|Any CPU.ActiveCfg = Debug|Any CPU
		{4B74FB69-495D-469C-B677-7B9D3AE856B5}.Debug|Any CPU.Build.0 = Debug|Any CPU
		{4B74FB69-495D-469C-B677-7B9D3AE856B5}.IVT|Any CPU.ActiveCfg = Release|Any CPU
		{4B74FB69-495D-469C-B677-7B9D3AE856B5}.IVT|Any CPU.Build.0 = Release|Any CPU
		{4B74FB69-495D-469C-B677-7B9D3AE856B5}.Release|Any CPU.ActiveCfg = Release|Any CPU
		{4B74FB69-495D-469C-B677-7B9D3AE856B5}.Release|Any CPU.Build.0 = Release|Any CPU
	EndGlobalSection
	GlobalSection(SolutionProperties) = preSolution
		HideSolutionNode = FALSE
	EndGlobalSection
	GlobalSection(NestedProjects) = preSolution
		{1DC5B93C-E78D-4BA5-9797-1F0416058E25} = {811CB824-116B-42E9-B560-B631AD7A8342}
		{AF6718F8-8028-462F-BA2C-9EE5937C49B8} = {B1844D53-F8EA-407A-A5BC-676B995F32E9}
		{6BEF2D42-2A7D-4D81-81C1-77B3A2FF5204} = {E34810E3-41F5-4772-8503-1DCD928E79CC}
		{F9C112AA-688F-4A9F-BA59-AF4FB3429047} = {6BEF2D42-2A7D-4D81-81C1-77B3A2FF5204}
		{A7064FCA-D786-41BA-92A3-26A8189AC58B} = {E34810E3-41F5-4772-8503-1DCD928E79CC}
		{37CF85A2-8CE3-4C5A-851E-DE10F6CC25E8} = {E34810E3-41F5-4772-8503-1DCD928E79CC}
		{536E3722-667E-40F0-BF75-D4C15EBFFB7F} = {37CF85A2-8CE3-4C5A-851E-DE10F6CC25E8}
		{74E7C28C-E8C3-446B-954F-16DB50B29515} = {C95CDB33-A218-4304-9210-C31AB13AD26D}
		{6126ACBF-C86A-488E-A1C9-1C7CEFB4E768} = {E34810E3-41F5-4772-8503-1DCD928E79CC}
		{ADF5811C-D427-47F5-BD51-6750AB90E271} = {C95CDB33-A218-4304-9210-C31AB13AD26D}
		{450C0AE6-4ACD-42D3-BB70-F8D423F40724} = {6126ACBF-C86A-488E-A1C9-1C7CEFB4E768}
		{E24B866B-076C-491A-8074-FFB0432B6B40} = {C95CDB33-A218-4304-9210-C31AB13AD26D}
		{18792F75-909E-4BC2-94A2-B5287069B7DF} = {6BEF2D42-2A7D-4D81-81C1-77B3A2FF5204}
		{FAAFB057-0519-4AAC-B819-A7B4BBDCC27D} = {37CF85A2-8CE3-4C5A-851E-DE10F6CC25E8}
		{8CF41745-32AF-4DA6-BD30-FE7DD7D53A43} = {C95CDB33-A218-4304-9210-C31AB13AD26D}
		{94F4DA6A-4928-4AD2-8D62-8F61AA0E9BDF} = {37CF85A2-8CE3-4C5A-851E-DE10F6CC25E8}
		{B2DF77FB-A710-49CC-9AC9-286039356419} = {811CB824-116B-42E9-B560-B631AD7A8342}
		{74D0C3AF-F7CD-48B7-80D6-5C1781F5712C} = {C95CDB33-A218-4304-9210-C31AB13AD26D}
		{C8AD5026-6D81-4823-B9A3-6F38F490CA3A} = {6BEF2D42-2A7D-4D81-81C1-77B3A2FF5204}
		{3720CF5D-81E0-48DC-B4E5-69BF1D58FF52} = {B1844D53-F8EA-407A-A5BC-676B995F32E9}
		{F68A5AE7-7F4D-4616-AD90-1DBE54673CD4} = {6BEF2D42-2A7D-4D81-81C1-77B3A2FF5204}
		{46C24180-4417-43D5-B4BF-C5B41BEE259B} = {37CF85A2-8CE3-4C5A-851E-DE10F6CC25E8}
		{6E7E043C-A5B7-4DE6-9126-BC786543349C} = {811CB824-116B-42E9-B560-B631AD7A8342}
		{2041E7AB-AB11-4143-AEFC-DFA1B63164DF} = {37CF85A2-8CE3-4C5A-851E-DE10F6CC25E8}
		{756CF675-6AD4-49A3-8E5A-6B46A5AEB8DC} = {6BEF2D42-2A7D-4D81-81C1-77B3A2FF5204}
		{0461C774-61E7-4C30-A156-829273D7C849} = {6BEF2D42-2A7D-4D81-81C1-77B3A2FF5204}
		{C5E1CF85-CCE7-4BAA-8F58-C94C0D229863} = {37CF85A2-8CE3-4C5A-851E-DE10F6CC25E8}
		{5685D882-8748-40AE-A503-73AA91C3BF66} = {C95CDB33-A218-4304-9210-C31AB13AD26D}
		{DF3763A2-7755-4251-952A-8D2377D9603A} = {37CF85A2-8CE3-4C5A-851E-DE10F6CC25E8}
		{430D8B97-DFFD-4DFA-9DDC-AF856C2A902B} = {6BEF2D42-2A7D-4D81-81C1-77B3A2FF5204}
		{559FCD3F-D0BF-49AF-BA85-51F26D336622} = {C95CDB33-A218-4304-9210-C31AB13AD26D}
		{44A35F56-6671-4D3B-9270-BE959726048D} = {37CF85A2-8CE3-4C5A-851E-DE10F6CC25E8}
		{AD5E1E2B-64E6-4EF7-A24F-1E5835980047} = {6BEF2D42-2A7D-4D81-81C1-77B3A2FF5204}
		{E109CC8C-78D5-47E0-98FB-E941F4CA39F3} = {C95CDB33-A218-4304-9210-C31AB13AD26D}
		{DD30B606-85E9-4795-B549-FAE27C304CF3} = {37CF85A2-8CE3-4C5A-851E-DE10F6CC25E8}
		{BDC44692-7A63-4281-9D88-25CE11D055EE} = {6BEF2D42-2A7D-4D81-81C1-77B3A2FF5204}
		{09874478-479F-4D6D-875C-D92F17BC24B6} = {6BEF2D42-2A7D-4D81-81C1-77B3A2FF5204}
		{702109D8-AB36-4602-A84F-DD08E994F8F1} = {37CF85A2-8CE3-4C5A-851E-DE10F6CC25E8}
		{0416883F-2E4B-49A5-B05B-6A5D00514B64} = {37CF85A2-8CE3-4C5A-851E-DE10F6CC25E8}
		{E711E15C-74A7-4212-99C4-78833AD927E1} = {6BEF2D42-2A7D-4D81-81C1-77B3A2FF5204}
		{31BA9489-C264-4D94-A923-CDED3A389189} = {C95CDB33-A218-4304-9210-C31AB13AD26D}
		{686B70C2-C0BB-40CD-A69B-C5C982337028} = {37CF85A2-8CE3-4C5A-851E-DE10F6CC25E8}
		{112FC9F9-0550-4F42-80D8-E8478A76601C} = {B1844D53-F8EA-407A-A5BC-676B995F32E9}
		{9BBBE96A-ED7A-45A3-8A65-922B1E043611} = {6BEF2D42-2A7D-4D81-81C1-77B3A2FF5204}
		{0C73EA2C-E32D-408D-A1CC-53C2AE0C34AE} = {C95CDB33-A218-4304-9210-C31AB13AD26D}
		{362804E4-1A2C-4E7E-9E7B-9F1D76B48A4A} = {37CF85A2-8CE3-4C5A-851E-DE10F6CC25E8}
		{4B74FB69-495D-469C-B677-7B9D3AE856B5} = {B1844D53-F8EA-407A-A5BC-676B995F32E9}
	EndGlobalSection
EndGlobal
