{
  "requires": true,
  "lockfileVersion": 1,
  "dependencies": {
    "@angular/router": {
      "version": "6.0.0",
      "resolved": "https://registry.npmjs.org/@angular/router/-/router-6.0.0.tgz",
      "integrity": "sha512-ONrfgfYmFGz0Ht2MvymMvBMxPI9w5037ZfJWpTu1/Xo1XmVOawzj2SvYfEzTqexznWcTAALggq/A23k8r9ArKA==",
      "requires": {
        "tslib": "1.9.0"
      }
    },
    "tslib": {
      "version": "1.9.0",
      "resolved": "https://registry.npmjs.org/tslib/-/tslib-1.9.0.tgz",
      "integrity": "sha512-f/qGG2tUkrISBlQZEjEqoZ3B2+npJjIf04H1wuAv9iA8i04Icp+61KRXxFdha22670NJopsZCIjhC3SnjPRKrQ=="
    }
  }
}
