{
  "requires": true,
  "lockfileVersion": 1,
  "dependencies": {
    "ngvas": {
      "version": "0.7.6",
      "resolved": "https://registry.npmjs.org/ngvas/-/ngvas-0.7.6.tgz",
      "integrity": "sha512-UrUVrjDEQQDQX6ktDOZrhIVGAspbU9UxW9viVgCDIhheTMh9KKMH4k1AFfmNUWOe5vNRjDpDwp8RcRbB2p4sUw=="
    }
  }
}
